
Microsoft Visual Studio Solution File, Format Version 12.00
# Visual Studio Version 16
VisualStudioVersion = 16.0.31112.23
MinimumVisualStudioVersion = 10.0.40219.1
Project("{FAE04EC0-301F-11D3-BF4B-00C04F79EFBC}") = "IDEproject No. 3", "IDEproject No. 3.csproj", "{244EACC1-F1AC-424C-949E-E4F669CC3455}"
EndProject
Global
	GlobalSection(SolutionConfigurationPlatforms) = preSolution
		Debug|Any CPU = Debug|Any CPU
		Release|Any CPU = Release|Any CPU
	EndGlobalSection
	GlobalSection(ProjectConfigurationPlatforms) = postSolution
		{244EACC1-F1AC-424C-949E-E4F669CC3455}.Debug|Any CPU.ActiveCfg = Debug|Any CPU
		{244EACC1-F1AC-424C-949E-E4F669CC3455}.Debug|Any CPU.Build.0 = Debug|Any CPU
		{244EACC1-F1AC-424C-949E-E4F669CC3455}.Release|Any CPU.ActiveCfg = Release|Any CPU
		{244EACC1-F1AC-424C-949E-E4F669CC3455}.Release|Any CPU.Build.0 = Release|Any CPU
	EndGlobalSection
	GlobalSection(SolutionProperties) = preSolution
		HideSolutionNode = FALSE
	EndGlobalSection
	GlobalSection(ExtensibilityGlobals) = postSolution
		SolutionGuid = {44399B41-BEC6-4847-BC83-27B4FA8AB6EB}
	EndGlobalSection
EndGlobal
